
Microsoft Visual Studio Solution File, Format Version 12.00
# Visual Studio 14
VisualStudioVersion = 14.0.25420.1
MinimumVisualStudioVersion = 10.0.40219.1
Project("{FAE04EC0-301F-11D3-BF4B-00C04F79EFBC}") = "LOGSMIS", "LOGSMIS\LOGSMIS.csproj", "{61A03C04-2D67-46DB-93D3-FF77939D2B93}"
EndProject
Project("{6141683F-8A12-4E36-9623-2EB02B2C2303}") = "LOGSSetup", "LOGSSetup\LOGSSetup.isproj", "{7E49ACC6-171B-43F8-9219-CBC23DB342BE}"
	ProjectSection(ProjectDependencies) = postProject
		{61A03C04-2D67-46DB-93D3-FF77939D2B93} = {61A03C04-2D67-46DB-93D3-FF77939D2B93}
	EndProjectSection
EndProject
Global
	GlobalSection(SolutionConfigurationPlatforms) = preSolution
		CD_ROM|Any CPU = CD_ROM|Any CPU
		Debug|Any CPU = Debug|Any CPU
		DVD-5|Any CPU = DVD-5|Any CPU
		Release|Any CPU = Release|Any CPU
		SingleImage|Any CPU = SingleImage|Any CPU
	EndGlobalSection
	GlobalSection(ProjectConfigurationPlatforms) = postSolution
		{61A03C04-2D67-46DB-93D3-FF77939D2B93}.CD_ROM|Any CPU.ActiveCfg = Release|Any CPU
		{61A03C04-2D67-46DB-93D3-FF77939D2B93}.CD_ROM|Any CPU.Build.0 = Release|Any CPU
		{61A03C04-2D67-46DB-93D3-FF77939D2B93}.Debug|Any CPU.ActiveCfg = Debug|Any CPU
		{61A03C04-2D67-46DB-93D3-FF77939D2B93}.Debug|Any CPU.Build.0 = Debug|Any CPU
		{61A03C04-2D67-46DB-93D3-FF77939D2B93}.DVD-5|Any CPU.ActiveCfg = Debug|Any CPU
		{61A03C04-2D67-46DB-93D3-FF77939D2B93}.DVD-5|Any CPU.Build.0 = Debug|Any CPU
		{61A03C04-2D67-46DB-93D3-FF77939D2B93}.Release|Any CPU.ActiveCfg = Release|Any CPU
		{61A03C04-2D67-46DB-93D3-FF77939D2B93}.Release|Any CPU.Build.0 = Release|Any CPU
		{61A03C04-2D67-46DB-93D3-FF77939D2B93}.SingleImage|Any CPU.ActiveCfg = Release|Any CPU
		{61A03C04-2D67-46DB-93D3-FF77939D2B93}.SingleImage|Any CPU.Build.0 = Release|Any CPU
		{7E49ACC6-171B-43F8-9219-CBC23DB342BE}.CD_ROM|Any CPU.ActiveCfg = CD_ROM
		{7E49ACC6-171B-43F8-9219-CBC23DB342BE}.CD_ROM|Any CPU.Build.0 = CD_ROM
		{7E49ACC6-171B-43F8-9219-CBC23DB342BE}.Debug|Any CPU.ActiveCfg = DVD-5
		{7E49ACC6-171B-43F8-9219-CBC23DB342BE}.Debug|Any CPU.Build.0 = DVD-5
		{7E49ACC6-171B-43F8-9219-CBC23DB342BE}.DVD-5|Any CPU.ActiveCfg = DVD-5
		{7E49ACC6-171B-43F8-9219-CBC23DB342BE}.DVD-5|Any CPU.Build.0 = DVD-5
		{7E49ACC6-171B-43F8-9219-CBC23DB342BE}.Release|Any CPU.ActiveCfg = SingleImage
		{7E49ACC6-171B-43F8-9219-CBC23DB342BE}.Release|Any CPU.Build.0 = SingleImage
		{7E49ACC6-171B-43F8-9219-CBC23DB342BE}.SingleImage|Any CPU.ActiveCfg = SingleImage
		{7E49ACC6-171B-43F8-9219-CBC23DB342BE}.SingleImage|Any CPU.Build.0 = SingleImage
	EndGlobalSection
	GlobalSection(SolutionProperties) = preSolution
		HideSolutionNode = FALSE
	EndGlobalSection
EndGlobal
